
Microsoft Visual Studio Solution File, Format Version 12.00
# Visual Studio Version 16
VisualStudioVersion = 16.0.31019.35
MinimumVisualStudioVersion = 10.0.40219.1
Project("{9A19103F-16F7-4668-BE54-9A1E7A4F7556}") = "ROS.Api", "ROS.Api\ROS.Api.csproj", "{5AD3FF37-E3ED-4BC8-BDDD-D55C5DCBC8DA}"
EndProject
Project("{2150E333-8FDC-42A3-9474-1A3956D46DE8}") = "Shared", "Shared", "{CA677A78-6E8C-4AF4-B91F-CAEEF9BB5E5C}"
EndProject
Project("{2150E333-8FDC-42A3-9474-1A3956D46DE8}") = "Presentation", "Presentation", "{B0C9533D-6AC0-4EFC-9261-F562CC8CB4EA}"
EndProject
Project("{2150E333-8FDC-42A3-9474-1A3956D46DE8}") = "Applications", "Applications", "{00DF6938-F501-423C-907C-6AA5E1B31751}"
EndProject
Project("{2150E333-8FDC-42A3-9474-1A3956D46DE8}") = "Libraries", "Libraries", "{43D48622-C771-40C4-985E-7C5BF2CE7F61}"
EndProject
Project("{9A19103F-16F7-4668-BE54-9A1E7A4F7556}") = "ROS.Data", "ROS.Data\ROS.Data.csproj", "{E3DA4977-C76F-46D3-B102-7DFDF6303D35}"
EndProject
Project("{9A19103F-16F7-4668-BE54-9A1E7A4F7556}") = "ROS.Contracts", "ROS.Contracts\ROS.Contracts.csproj", "{855F7539-A8E2-47EC-8A14-25BBFD703E8B}"
EndProject
Project("{9A19103F-16F7-4668-BE54-9A1E7A4F7556}") = "ROS.Common", "ROS.Common\ROS.Common.csproj", "{CD7018FD-C010-4171-B0EB-AD454F1FE605}"
EndProject
Project("{9A19103F-16F7-4668-BE54-9A1E7A4F7556}") = "ROS.Mail", "ROS.Mail\ROS.Mail.csproj", "{F64A61A4-D6F0-4B33-BA04-8AA26176F86C}"
EndProject
Project("{9A19103F-16F7-4668-BE54-9A1E7A4F7556}") = "ROS.SMS", "ROS.SMS\ROS.SMS.csproj", "{D8DA0E66-AEAA-467D-B590-0FF5593B7F71}"
EndProject
Project("{9A19103F-16F7-4668-BE54-9A1E7A4F7556}") = "ROS.EntityFramework", "ROS.EntityFramework\ROS.EntityFramework.csproj", "{EC23A276-B6A5-4E4B-8BDB-8377214F1A35}"
EndProject
Project("{9A19103F-16F7-4668-BE54-9A1E7A4F7556}") = "ROS.Infrastructure", "ROS.Infrastructure\ROS.Infrastructure.csproj", "{3BE07580-F5F8-4A53-A7C3-C3B3650B90BD}"
EndProject
Project("{9A19103F-16F7-4668-BE54-9A1E7A4F7556}") = "ROS.Services", "ROS.Services\ROS.Services.csproj", "{81654609-007D-4063-953F-B9467C297DD3}"
EndProject
Global
	GlobalSection(SolutionConfigurationPlatforms) = preSolution
		Debug|Any CPU = Debug|Any CPU
		Release|Any CPU = Release|Any CPU
	EndGlobalSection
	GlobalSection(ProjectConfigurationPlatforms) = postSolution
		{5AD3FF37-E3ED-4BC8-BDDD-D55C5DCBC8DA}.Debug|Any CPU.ActiveCfg = Debug|Any CPU
		{5AD3FF37-E3ED-4BC8-BDDD-D55C5DCBC8DA}.Debug|Any CPU.Build.0 = Debug|Any CPU
		{5AD3FF37-E3ED-4BC8-BDDD-D55C5DCBC8DA}.Release|Any CPU.ActiveCfg = Release|Any CPU
		{5AD3FF37-E3ED-4BC8-BDDD-D55C5DCBC8DA}.Release|Any CPU.Build.0 = Release|Any CPU
		{E3DA4977-C76F-46D3-B102-7DFDF6303D35}.Debug|Any CPU.ActiveCfg = Debug|Any CPU
		{E3DA4977-C76F-46D3-B102-7DFDF6303D35}.Debug|Any CPU.Build.0 = Debug|Any CPU
		{E3DA4977-C76F-46D3-B102-7DFDF6303D35}.Release|Any CPU.ActiveCfg = Release|Any CPU
		{E3DA4977-C76F-46D3-B102-7DFDF6303D35}.Release|Any CPU.Build.0 = Release|Any CPU
		{855F7539-A8E2-47EC-8A14-25BBFD703E8B}.Debug|Any CPU.ActiveCfg = Debug|Any CPU
		{855F7539-A8E2-47EC-8A14-25BBFD703E8B}.Debug|Any CPU.Build.0 = Debug|Any CPU
		{855F7539-A8E2-47EC-8A14-25BBFD703E8B}.Release|Any CPU.ActiveCfg = Release|Any CPU
		{855F7539-A8E2-47EC-8A14-25BBFD703E8B}.Release|Any CPU.Build.0 = Release|Any CPU
		{CD7018FD-C010-4171-B0EB-AD454F1FE605}.Debug|Any CPU.ActiveCfg = Debug|Any CPU
		{CD7018FD-C010-4171-B0EB-AD454F1FE605}.Debug|Any CPU.Build.0 = Debug|Any CPU
		{CD7018FD-C010-4171-B0EB-AD454F1FE605}.Release|Any CPU.ActiveCfg = Release|Any CPU
		{CD7018FD-C010-4171-B0EB-AD454F1FE605}.Release|Any CPU.Build.0 = Release|Any CPU
		{F64A61A4-D6F0-4B33-BA04-8AA26176F86C}.Debug|Any CPU.ActiveCfg = Debug|Any CPU
		{F64A61A4-D6F0-4B33-BA04-8AA26176F86C}.Debug|Any CPU.Build.0 = Debug|Any CPU
		{F64A61A4-D6F0-4B33-BA04-8AA26176F86C}.Release|Any CPU.ActiveCfg = Release|Any CPU
		{F64A61A4-D6F0-4B33-BA04-8AA26176F86C}.Release|Any CPU.Build.0 = Release|Any CPU
		{D8DA0E66-AEAA-467D-B590-0FF5593B7F71}.Debug|Any CPU.ActiveCfg = Debug|Any CPU
		{D8DA0E66-AEAA-467D-B590-0FF5593B7F71}.Debug|Any CPU.Build.0 = Debug|Any CPU
		{D8DA0E66-AEAA-467D-B590-0FF5593B7F71}.Release|Any CPU.ActiveCfg = Release|Any CPU
		{D8DA0E66-AEAA-467D-B590-0FF5593B7F71}.Release|Any CPU.Build.0 = Release|Any CPU
		{EC23A276-B6A5-4E4B-8BDB-8377214F1A35}.Debug|Any CPU.ActiveCfg = Debug|Any CPU
		{EC23A276-B6A5-4E4B-8BDB-8377214F1A35}.Debug|Any CPU.Build.0 = Debug|Any CPU
		{EC23A276-B6A5-4E4B-8BDB-8377214F1A35}.Release|Any CPU.ActiveCfg = Release|Any CPU
		{EC23A276-B6A5-4E4B-8BDB-8377214F1A35}.Release|Any CPU.Build.0 = Release|Any CPU
		{3BE07580-F5F8-4A53-A7C3-C3B3650B90BD}.Debug|Any CPU.ActiveCfg = Debug|Any CPU
		{3BE07580-F5F8-4A53-A7C3-C3B3650B90BD}.Debug|Any CPU.Build.0 = Debug|Any CPU
		{3BE07580-F5F8-4A53-A7C3-C3B3650B90BD}.Release|Any CPU.ActiveCfg = Release|Any CPU
		{3BE07580-F5F8-4A53-A7C3-C3B3650B90BD}.Release|Any CPU.Build.0 = Release|Any CPU
		{81654609-007D-4063-953F-B9467C297DD3}.Debug|Any CPU.ActiveCfg = Debug|Any CPU
		{81654609-007D-4063-953F-B9467C297DD3}.Debug|Any CPU.Build.0 = Debug|Any CPU
		{81654609-007D-4063-953F-B9467C297DD3}.Release|Any CPU.ActiveCfg = Release|Any CPU
		{81654609-007D-4063-953F-B9467C297DD3}.Release|Any CPU.Build.0 = Release|Any CPU
	EndGlobalSection
	GlobalSection(SolutionProperties) = preSolution
		HideSolutionNode = FALSE
	EndGlobalSection
	GlobalSection(NestedProjects) = preSolution
		{5AD3FF37-E3ED-4BC8-BDDD-D55C5DCBC8DA} = {B0C9533D-6AC0-4EFC-9261-F562CC8CB4EA}
		{E3DA4977-C76F-46D3-B102-7DFDF6303D35} = {43D48622-C771-40C4-985E-7C5BF2CE7F61}
		{855F7539-A8E2-47EC-8A14-25BBFD703E8B} = {43D48622-C771-40C4-985E-7C5BF2CE7F61}
		{CD7018FD-C010-4171-B0EB-AD454F1FE605} = {CA677A78-6E8C-4AF4-B91F-CAEEF9BB5E5C}
		{F64A61A4-D6F0-4B33-BA04-8AA26176F86C} = {CA677A78-6E8C-4AF4-B91F-CAEEF9BB5E5C}
		{D8DA0E66-AEAA-467D-B590-0FF5593B7F71} = {CA677A78-6E8C-4AF4-B91F-CAEEF9BB5E5C}
		{EC23A276-B6A5-4E4B-8BDB-8377214F1A35} = {43D48622-C771-40C4-985E-7C5BF2CE7F61}
		{3BE07580-F5F8-4A53-A7C3-C3B3650B90BD} = {B0C9533D-6AC0-4EFC-9261-F562CC8CB4EA}
		{81654609-007D-4063-953F-B9467C297DD3} = {00DF6938-F501-423C-907C-6AA5E1B31751}
	EndGlobalSection
	GlobalSection(ExtensibilityGlobals) = postSolution
		SolutionGuid = {F40DDE0B-28FE-4754-AFAC-7059E68E21DF}
	EndGlobalSection
EndGlobal
